
Microsoft Visual Studio Solution File, Format Version 12.00
# Visual Studio Version 16
VisualStudioVersion = 16.0.29025.244
MinimumVisualStudioVersion = 10.0.40219.1
Project("{9A19103F-16F7-4668-BE54-9A1E7A4F7556}") = "PizzaAPI", "PizzaAPI\PizzaAPI.csproj", "{B8783E8A-55A4-49BD-9683-BA9F3E498EDD}"
EndProject
Project("{9A19103F-16F7-4668-BE54-9A1E7A4F7556}") = "Entities", "Entities\Entities.csproj", "{607B6BB1-BFC6-4C2C-969C-00D6C24212B8}"
EndProject
Project("{9A19103F-16F7-4668-BE54-9A1E7A4F7556}") = "PizzaUI", "..\PizzaUI\PizzaUI\PizzaUI.csproj", "{E636C51F-E65D-4A35-B244-4D802E47AEA2}"
EndProject
Global
	GlobalSection(SolutionConfigurationPlatforms) = preSolution
		Debug|Any CPU = Debug|Any CPU
		Release|Any CPU = Release|Any CPU
	EndGlobalSection
	GlobalSection(ProjectConfigurationPlatforms) = postSolution
		{B8783E8A-55A4-49BD-9683-BA9F3E498EDD}.Debug|Any CPU.ActiveCfg = Debug|Any CPU
		{B8783E8A-55A4-49BD-9683-BA9F3E498EDD}.Debug|Any CPU.Build.0 = Debug|Any CPU
		{B8783E8A-55A4-49BD-9683-BA9F3E498EDD}.Release|Any CPU.ActiveCfg = Release|Any CPU
		{B8783E8A-55A4-49BD-9683-BA9F3E498EDD}.Release|Any CPU.Build.0 = Release|Any CPU
		{607B6BB1-BFC6-4C2C-969C-00D6C24212B8}.Debug|Any CPU.ActiveCfg = Debug|Any CPU
		{607B6BB1-BFC6-4C2C-969C-00D6C24212B8}.Debug|Any CPU.Build.0 = Debug|Any CPU
		{607B6BB1-BFC6-4C2C-969C-00D6C24212B8}.Release|Any CPU.ActiveCfg = Release|Any CPU
		{607B6BB1-BFC6-4C2C-969C-00D6C24212B8}.Release|Any CPU.Build.0 = Release|Any CPU
		{E636C51F-E65D-4A35-B244-4D802E47AEA2}.Debug|Any CPU.ActiveCfg = Debug|Any CPU
		{E636C51F-E65D-4A35-B244-4D802E47AEA2}.Debug|Any CPU.Build.0 = Debug|Any CPU
		{E636C51F-E65D-4A35-B244-4D802E47AEA2}.Release|Any CPU.ActiveCfg = Release|Any CPU
		{E636C51F-E65D-4A35-B244-4D802E47AEA2}.Release|Any CPU.Build.0 = Release|Any CPU
	EndGlobalSection
	GlobalSection(SolutionProperties) = preSolution
		HideSolutionNode = FALSE
	EndGlobalSection
	GlobalSection(ExtensibilityGlobals) = postSolution
		SolutionGuid = {A0F23E50-7BCE-4A7A-BF1D-CB502618E88F}
	EndGlobalSection
EndGlobal
